// !$*UTF8*$!
{
	archiveVersion = 1;
	classes = {
	};
	objectVersion = 56;
	objects = {

/* Begin PBXBuildFile section */
		891B9F8D2B6669FD003E8BE8 /* Task.swift in Sources */ = {isa = PBXBuildFile; fileRef = 891B9F8C2B6669FD003E8BE8 /* Task.swift */; };
		891B9F902B666A44003E8BE8 /* CounterReducer.swift in Sources */ = {isa = PBXBuildFile; fileRef = 891B9F8F2B666A44003E8BE8 /* CounterReducer.swift */; };
		891B9F922B666A56003E8BE8 /* AppReducer.swift in Sources */ = {isa = PBXBuildFile; fileRef = 891B9F912B666A56003E8BE8 /* AppReducer.swift */; };
		891B9F942B666A65003E8BE8 /* TaskReducer.swift in Sources */ = {isa = PBXBuildFile; fileRef = 891B9F932B666A65003E8BE8 /* TaskReducer.swift */; };
		891B9F972B67951B003E8BE8 /* LogMiddleware.swift in Sources */ = {isa = PBXBuildFile; fileRef = 891B9F962B67951B003E8BE8 /* LogMiddleware.swift */; };
		893E3C772B5BF064000D8874 /* ComposibleSwiftUIApp.swift in Sources */ = {isa = PBXBuildFile; fileRef = 893E3C762B5BF064000D8874 /* ComposibleSwiftUIApp.swift */; };
		893E3C792B5BF064000D8874 /* ContentView.swift in Sources */ = {isa = PBXBuildFile; fileRef = 893E3C782B5BF064000D8874 /* ContentView.swift */; };
		893E3C7B2B5BF066000D8874 /* Assets.xcassets in Resources */ = {isa = PBXBuildFile; fileRef = 893E3C7A2B5BF066000D8874 /* Assets.xcassets */; };
		893E3C7E2B5BF066000D8874 /* Preview Assets.xcassets in Resources */ = {isa = PBXBuildFile; fileRef = 893E3C7D2B5BF066000D8874 /* Preview Assets.xcassets */; };
		893E3C882B5BF066000D8874 /* ComposibleSwiftUITests.swift in Sources */ = {isa = PBXBuildFile; fileRef = 893E3C872B5BF066000D8874 /* ComposibleSwiftUITests.swift */; };
		893E3C922B5BF066000D8874 /* ComposibleSwiftUIUITests.swift in Sources */ = {isa = PBXBuildFile; fileRef = 893E3C912B5BF066000D8874 /* ComposibleSwiftUIUITests.swift */; };
		893E3C942B5BF066000D8874 /* ComposibleSwiftUIUITestsLaunchTests.swift in Sources */ = {isa = PBXBuildFile; fileRef = 893E3C932B5BF066000D8874 /* ComposibleSwiftUIUITestsLaunchTests.swift */; };
		893E3CA22B5BF54F000D8874 /* Store.swift in Sources */ = {isa = PBXBuildFile; fileRef = 893E3CA12B5BF54F000D8874 /* Store.swift */; };
/* End PBXBuildFile section */

/* Begin PBXContainerItemProxy section */
		893E3C842B5BF066000D8874 /* PBXContainerItemProxy */ = {
			isa = PBXContainerItemProxy;
			containerPortal = 893E3C6B2B5BF064000D8874 /* Project object */;
			proxyType = 1;
			remoteGlobalIDString = 893E3C722B5BF064000D8874;
			remoteInfo = ComposibleSwiftUI;
		};
		893E3C8E2B5BF066000D8874 /* PBXContainerItemProxy */ = {
			isa = PBXContainerItemProxy;
			containerPortal = 893E3C6B2B5BF064000D8874 /* Project object */;
			proxyType = 1;
			remoteGlobalIDString = 893E3C722B5BF064000D8874;
			remoteInfo = ComposibleSwiftUI;
		};
/* End PBXContainerItemProxy section */

/* Begin PBXFileReference section */
		891B9F8C2B6669FD003E8BE8 /* Task.swift */ = {isa = PBXFileReference; lastKnownFileType = sourcecode.swift; path = Task.swift; sourceTree = "<group>"; };
		891B9F8F2B666A44003E8BE8 /* CounterReducer.swift */ = {isa = PBXFileReference; lastKnownFileType = sourcecode.swift; path = CounterReducer.swift; sourceTree = "<group>"; };
		891B9F912B666A56003E8BE8 /* AppReducer.swift */ = {isa = PBXFileReference; lastKnownFileType = sourcecode.swift; path = AppReducer.swift; sourceTree = "<group>"; };
		891B9F932B666A65003E8BE8 /* TaskReducer.swift */ = {isa = PBXFileReference; lastKnownFileType = sourcecode.swift; path = TaskReducer.swift; sourceTree = "<group>"; };
		891B9F962B67951B003E8BE8 /* LogMiddleware.swift */ = {isa = PBXFileReference; lastKnownFileType = sourcecode.swift; path = LogMiddleware.swift; sourceTree = "<group>"; };
		893E3C732B5BF064000D8874 /* ComposibleSwiftUI.app */ = {isa = PBXFileReference; explicitFileType = wrapper.application; includeInIndex = 0; path = ComposibleSwiftUI.app; sourceTree = BUILT_PRODUCTS_DIR; };
		893E3C762B5BF064000D8874 /* ComposibleSwiftUIApp.swift */ = {isa = PBXFileReference; lastKnownFileType = sourcecode.swift; path = ComposibleSwiftUIApp.swift; sourceTree = "<group>"; };
		893E3C782B5BF064000D8874 /* ContentView.swift */ = {isa = PBXFileReference; lastKnownFileType = sourcecode.swift; path = ContentView.swift; sourceTree = "<group>"; };
		893E3C7A2B5BF066000D8874 /* Assets.xcassets */ = {isa = PBXFileReference; lastKnownFileType = folder.assetcatalog; path = Assets.xcassets; sourceTree = "<group>"; };
		893E3C7D2B5BF066000D8874 /* Preview Assets.xcassets */ = {isa = PBXFileReference; lastKnownFileType = folder.assetcatalog; path = "Preview Assets.xcassets"; sourceTree = "<group>"; };
		893E3C832B5BF066000D8874 /* ComposibleSwiftUITests.xctest */ = {isa = PBXFileReference; explicitFileType = wrapper.cfbundle; includeInIndex = 0; path = ComposibleSwiftUITests.xctest; sourceTree = BUILT_PRODUCTS_DIR; };
		893E3C872B5BF066000D8874 /* ComposibleSwiftUITests.swift */ = {isa = PBXFileReference; lastKnownFileType = sourcecode.swift; path = ComposibleSwiftUITests.swift; sourceTree = "<group>"; };
		893E3C8D2B5BF066000D8874 /* ComposibleSwiftUIUITests.xctest */ = {isa = PBXFileReference; explicitFileType = wrapper.cfbundle; includeInIndex = 0; path = ComposibleSwiftUIUITests.xctest; sourceTree = BUILT_PRODUCTS_DIR; };
		893E3C912B5BF066000D8874 /* ComposibleSwiftUIUITests.swift */ = {isa = PBXFileReference; lastKnownFileType = sourcecode.swift; path = ComposibleSwiftUIUITests.swift; sourceTree = "<group>"; };
		893E3C932B5BF066000D8874 /* ComposibleSwiftUIUITestsLaunchTests.swift */ = {isa = PBXFileReference; lastKnownFileType = sourcecode.swift; path = ComposibleSwiftUIUITestsLaunchTests.swift; sourceTree = "<group>"; };
		893E3CA12B5BF54F000D8874 /* Store.swift */ = {isa = PBXFileReference; lastKnownFileType = sourcecode.swift; path = Store.swift; sourceTree = "<group>"; };
/* End PBXFileReference section */

/* Begin PBXFrameworksBuildPhase section */
		893E3C702B5BF064000D8874 /* Frameworks */ = {
			isa = PBXFrameworksBuildPhase;
			buildActionMask = 2147483647;
			files = (
			);
			runOnlyForDeploymentPostprocessing = 0;
		};
		893E3C802B5BF066000D8874 /* Frameworks */ = {
			isa = PBXFrameworksBuildPhase;
			buildActionMask = 2147483647;
			files = (
			);
			runOnlyForDeploymentPostprocessing = 0;
		};
		893E3C8A2B5BF066000D8874 /* Frameworks */ = {
			isa = PBXFrameworksBuildPhase;
			buildActionMask = 2147483647;
			files = (
			);
			runOnlyForDeploymentPostprocessing = 0;
		};
/* End PBXFrameworksBuildPhase section */

/* Begin PBXGroup section */
		891B9F8B2B666593003E8BE8 /* Model */ = {
			isa = PBXGroup;
			children = (
				891B9F8C2B6669FD003E8BE8 /* Task.swift */,
			);
			path = Model;
			sourceTree = "<group>";
		};
		891B9F8E2B666A16003E8BE8 /* Reducer */ = {
			isa = PBXGroup;
			children = (
				891B9F8F2B666A44003E8BE8 /* CounterReducer.swift */,
				891B9F912B666A56003E8BE8 /* AppReducer.swift */,
				891B9F932B666A65003E8BE8 /* TaskReducer.swift */,
			);
			path = Reducer;
			sourceTree = "<group>";
		};
		891B9F952B679507003E8BE8 /* Middleware */ = {
			isa = PBXGroup;
			children = (
				891B9F962B67951B003E8BE8 /* LogMiddleware.swift */,
			);
			path = Middleware;
			sourceTree = "<group>";
		};
		893E3C6A2B5BF064000D8874 = {
			isa = PBXGroup;
			children = (
				893E3C752B5BF064000D8874 /* ComposibleSwiftUI */,
				893E3C862B5BF066000D8874 /* ComposibleSwiftUITests */,
				893E3C902B5BF066000D8874 /* ComposibleSwiftUIUITests */,
				893E3C742B5BF064000D8874 /* Products */,
			);
			sourceTree = "<group>";
		};
		893E3C742B5BF064000D8874 /* Products */ = {
			isa = PBXGroup;
			children = (
				893E3C732B5BF064000D8874 /* ComposibleSwiftUI.app */,
				893E3C832B5BF066000D8874 /* ComposibleSwiftUITests.xctest */,
				893E3C8D2B5BF066000D8874 /* ComposibleSwiftUIUITests.xctest */,
			);
			name = Products;
			sourceTree = "<group>";
		};
		893E3C752B5BF064000D8874 /* ComposibleSwiftUI */ = {
			isa = PBXGroup;
			children = (
				891B9F8B2B666593003E8BE8 /* Model */,
				893E3CA02B5BF541000D8874 /* Store */,
				893E3C762B5BF064000D8874 /* ComposibleSwiftUIApp.swift */,
				893E3C782B5BF064000D8874 /* ContentView.swift */,
				893E3C7A2B5BF066000D8874 /* Assets.xcassets */,
				893E3C7C2B5BF066000D8874 /* Preview Content */,
			);
			path = ComposibleSwiftUI;
			sourceTree = "<group>";
		};
		893E3C7C2B5BF066000D8874 /* Preview Content */ = {
			isa = PBXGroup;
			children = (
				893E3C7D2B5BF066000D8874 /* Preview Assets.xcassets */,
			);
			path = "Preview Content";
			sourceTree = "<group>";
		};
		893E3C862B5BF066000D8874 /* ComposibleSwiftUITests */ = {
			isa = PBXGroup;
			children = (
				893E3C872B5BF066000D8874 /* ComposibleSwiftUITests.swift */,
			);
			path = ComposibleSwiftUITests;
			sourceTree = "<group>";
		};
		893E3C902B5BF066000D8874 /* ComposibleSwiftUIUITests */ = {
			isa = PBXGroup;
			children = (
				893E3C912B5BF066000D8874 /* ComposibleSwiftUIUITests.swift */,
				893E3C932B5BF066000D8874 /* ComposibleSwiftUIUITestsLaunchTests.swift */,
			);
			path = ComposibleSwiftUIUITests;
			sourceTree = "<group>";
		};
		893E3CA02B5BF541000D8874 /* Store */ = {
			isa = PBXGroup;
			children = (
				891B9F952B679507003E8BE8 /* Middleware */,
				891B9F8E2B666A16003E8BE8 /* Reducer */,
				893E3CA12B5BF54F000D8874 /* Store.swift */,
			);
			path = Store;
			sourceTree = "<group>";
		};
/* End PBXGroup section */

/* Begin PBXNativeTarget section */
		893E3C722B5BF064000D8874 /* ComposibleSwiftUI */ = {
			isa = PBXNativeTarget;
			buildConfigurationList = 893E3C972B5BF066000D8874 /* Build configuration list for PBXNativeTarget "ComposibleSwiftUI" */;
			buildPhases = (
				893E3C6F2B5BF064000D8874 /* Sources */,
				893E3C702B5BF064000D8874 /* Frameworks */,
				893E3C712B5BF064000D8874 /* Resources */,
			);
			buildRules = (
			);
			dependencies = (
			);
			name = ComposibleSwiftUI;
			productName = ComposibleSwiftUI;
			productReference = 893E3C732B5BF064000D8874 /* ComposibleSwiftUI.app */;
			productType = "com.apple.product-type.application";
		};
		893E3C822B5BF066000D8874 /* ComposibleSwiftUITests */ = {
			isa = PBXNativeTarget;
			buildConfigurationList = 893E3C9A2B5BF066000D8874 /* Build configuration list for PBXNativeTarget "ComposibleSwiftUITests" */;
			buildPhases = (
				893E3C7F2B5BF066000D8874 /* Sources */,
				893E3C802B5BF066000D8874 /* Frameworks */,
				893E3C812B5BF066000D8874 /* Resources */,
			);
			buildRules = (
			);
			dependencies = (
				893E3C852B5BF066000D8874 /* PBXTargetDependency */,
			);
			name = ComposibleSwiftUITests;
			productName = ComposibleSwiftUITests;
			productReference = 893E3C832B5BF066000D8874 /* ComposibleSwiftUITests.xctest */;
			productType = "com.apple.product-type.bundle.unit-test";
		};
		893E3C8C2B5BF066000D8874 /* ComposibleSwiftUIUITests */ = {
			isa = PBXNativeTarget;
			buildConfigurationList = 893E3C9D2B5BF066000D8874 /* Build configuration list for PBXNativeTarget "ComposibleSwiftUIUITests" */;
			buildPhases = (
				893E3C892B5BF066000D8874 /* Sources */,
				893E3C8A2B5BF066000D8874 /* Frameworks */,
				893E3C8B2B5BF066000D8874 /* Resources */,
			);
			buildRules = (
			);
			dependencies = (
				893E3C8F2B5BF066000D8874 /* PBXTargetDependency */,
			);
			name = ComposibleSwiftUIUITests;
			productName = ComposibleSwiftUIUITests;
			productReference = 893E3C8D2B5BF066000D8874 /* ComposibleSwiftUIUITests.xctest */;
			productType = "com.apple.product-type.bundle.ui-testing";
		};
/* End PBXNativeTarget section */

/* Begin PBXProject section */
		893E3C6B2B5BF064000D8874 /* Project object */ = {
			isa = PBXProject;
			attributes = {
				BuildIndependentTargetsInParallel = 1;
				LastSwiftUpdateCheck = 1500;
				LastUpgradeCheck = 1500;
				TargetAttributes = {
					893E3C722B5BF064000D8874 = {
						CreatedOnToolsVersion = 15.0;
					};
					893E3C822B5BF066000D8874 = {
						CreatedOnToolsVersion = 15.0;
						TestTargetID = 893E3C722B5BF064000D8874;
					};
					893E3C8C2B5BF066000D8874 = {
						CreatedOnToolsVersion = 15.0;
						TestTargetID = 893E3C722B5BF064000D8874;
					};
				};
			};
			buildConfigurationList = 893E3C6E2B5BF064000D8874 /* Build configuration list for PBXProject "ComposibleSwiftUI" */;
			compatibilityVersion = "Xcode 14.0";
			developmentRegion = en;
			hasScannedForEncodings = 0;
			knownRegions = (
				en,
				Base,
			);
			mainGroup = 893E3C6A2B5BF064000D8874;
			productRefGroup = 893E3C742B5BF064000D8874 /* Products */;
			projectDirPath = "";
			projectRoot = "";
			targets = (
				893E3C722B5BF064000D8874 /* ComposibleSwiftUI */,
				893E3C822B5BF066000D8874 /* ComposibleSwiftUITests */,
				893E3C8C2B5BF066000D8874 /* ComposibleSwiftUIUITests */,
			);
		};
/* End PBXProject section */

/* Begin PBXResourcesBuildPhase section */
		893E3C712B5BF064000D8874 /* Resources */ = {
			isa = PBXResourcesBuildPhase;
			buildActionMask = 2147483647;
			files = (
				893E3C7E2B5BF066000D8874 /* Preview Assets.xcassets in Resources */,
				893E3C7B2B5BF066000D8874 /* Assets.xcassets in Resources */,
			);
			runOnlyForDeploymentPostprocessing = 0;
		};
		893E3C812B5BF066000D8874 /* Resources */ = {
			isa = PBXResourcesBuildPhase;
			buildActionMask = 2147483647;
			files = (
			);
			runOnlyForDeploymentPostprocessing = 0;
		};
		893E3C8B2B5BF066000D8874 /* Resources */ = {
			isa = PBXResourcesBuildPhase;
			buildActionMask = 2147483647;
			files = (
			);
			runOnlyForDeploymentPostprocessing = 0;
		};
/* End PBXResourcesBuildPhase section */

/* Begin PBXSourcesBuildPhase section */
		893E3C6F2B5BF064000D8874 /* Sources */ = {
			isa = PBXSourcesBuildPhase;
			buildActionMask = 2147483647;
			files = (
				891B9F922B666A56003E8BE8 /* AppReducer.swift in Sources */,
				891B9F8D2B6669FD003E8BE8 /* Task.swift in Sources */,
				891B9F902B666A44003E8BE8 /* CounterReducer.swift in Sources */,
				893E3CA22B5BF54F000D8874 /* Store.swift in Sources */,
				891B9F942B666A65003E8BE8 /* TaskReducer.swift in Sources */,
				893E3C792B5BF064000D8874 /* ContentView.swift in Sources */,
				891B9F972B67951B003E8BE8 /* LogMiddleware.swift in Sources */,
				893E3C772B5BF064000D8874 /* ComposibleSwiftUIApp.swift in Sources */,
			);
			runOnlyForDeploymentPostprocessing = 0;
		};
		893E3C7F2B5BF066000D8874 /* Sources */ = {
			isa = PBXSourcesBuildPhase;
			buildActionMask = 2147483647;
			files = (
				893E3C882B5BF066000D8874 /* ComposibleSwiftUITests.swift in Sources */,
			);
			runOnlyForDeploymentPostprocessing = 0;
		};
		893E3C892B5BF066000D8874 /* Sources */ = {
			isa = PBXSourcesBuildPhase;
			buildActionMask = 2147483647;
			files = (
				893E3C922B5BF066000D8874 /* ComposibleSwiftUIUITests.swift in Sources */,
				893E3C942B5BF066000D8874 /* ComposibleSwiftUIUITestsLaunchTests.swift in Sources */,
			);
			runOnlyForDeploymentPostprocessing = 0;
		};
/* End PBXSourcesBuildPhase section */

/* Begin PBXTargetDependency section */
		893E3C852B5BF066000D8874 /* PBXTargetDependency */ = {
			isa = PBXTargetDependency;
			target = 893E3C722B5BF064000D8874 /* ComposibleSwiftUI */;
			targetProxy = 893E3C842B5BF066000D8874 /* PBXContainerItemProxy */;
		};
		893E3C8F2B5BF066000D8874 /* PBXTargetDependency */ = {
			isa = PBXTargetDependency;
			target = 893E3C722B5BF064000D8874 /* ComposibleSwiftUI */;
			targetProxy = 893E3C8E2B5BF066000D8874 /* PBXContainerItemProxy */;
		};
/* End PBXTargetDependency section */

/* Begin XCBuildConfiguration section */
		893E3C952B5BF066000D8874 /* Debug */ = {
			isa = XCBuildConfiguration;
			buildSettings = {
				ALWAYS_SEARCH_USER_PATHS = NO;
				ASSETCATALOG_COMPILER_GENERATE_SWIFT_ASSET_SYMBOL_EXTENSIONS = YES;
				CLANG_ANALYZER_NONNULL = YES;
				CLANG_ANALYZER_NUMBER_OBJECT_CONVERSION = YES_AGGRESSIVE;
				CLANG_CXX_LANGUAGE_STANDARD = "gnu++20";
				CLANG_ENABLE_MODULES = YES;
				CLANG_ENABLE_OBJC_ARC = YES;
				CLANG_ENABLE_OBJC_WEAK = YES;
				CLANG_WARN_BLOCK_CAPTURE_AUTORELEASING = YES;
				CLANG_WARN_BOOL_CONVERSION = YES;
				CLANG_WARN_COMMA = YES;
				CLANG_WARN_CONSTANT_CONVERSION = YES;
				CLANG_WARN_DEPRECATED_OBJC_IMPLEMENTATIONS = YES;
				CLANG_WARN_DIRECT_OBJC_ISA_USAGE = YES_ERROR;
				CLANG_WARN_DOCUMENTATION_COMMENTS = YES;
				CLANG_WARN_EMPTY_BODY = YES;
				CLANG_WARN_ENUM_CONVERSION = YES;
				CLANG_WARN_INFINITE_RECURSION = YES;
				CLANG_WARN_INT_CONVERSION = YES;
				CLANG_WARN_NON_LITERAL_NULL_CONVERSION = YES;
				CLANG_WARN_OBJC_IMPLICIT_RETAIN_SELF = YES;
				CLANG_WARN_OBJC_LITERAL_CONVERSION = YES;
				CLANG_WARN_OBJC_ROOT_CLASS = YES_ERROR;
				CLANG_WARN_QUOTED_INCLUDE_IN_FRAMEWORK_HEADER = YES;
				CLANG_WARN_RANGE_LOOP_ANALYSIS = YES;
				CLANG_WARN_STRICT_PROTOTYPES = YES;
				CLANG_WARN_SUSPICIOUS_MOVE = YES;
				CLANG_WARN_UNGUARDED_AVAILABILITY = YES_AGGRESSIVE;
				CLANG_WARN_UNREACHABLE_CODE = YES;
				CLANG_WARN__DUPLICATE_METHOD_MATCH = YES;
				COPY_PHASE_STRIP = NO;
				DEBUG_INFORMATION_FORMAT = dwarf;
				ENABLE_STRICT_OBJC_MSGSEND = YES;
				ENABLE_TESTABILITY = YES;
				ENABLE_USER_SCRIPT_SANDBOXING = YES;
				GCC_C_LANGUAGE_STANDARD = gnu17;
				GCC_DYNAMIC_NO_PIC = NO;
				GCC_NO_COMMON_BLOCKS = YES;
				GCC_OPTIMIZATION_LEVEL = 0;
				GCC_PREPROCESSOR_DEFINITIONS = (
					"DEBUG=1",
					"$(inherited)",
				);
				GCC_WARN_64_TO_32_BIT_CONVERSION = YES;
				GCC_WARN_ABOUT_RETURN_TYPE = YES_ERROR;
				GCC_WARN_UNDECLARED_SELECTOR = YES;
				GCC_WARN_UNINITIALIZED_AUTOS = YES_AGGRESSIVE;
				GCC_WARN_UNUSED_FUNCTION = YES;
				GCC_WARN_UNUSED_VARIABLE = YES;
				IPHONEOS_DEPLOYMENT_TARGET = 17.0;
				LOCALIZATION_PREFERS_STRING_CATALOGS = YES;
				MTL_ENABLE_DEBUG_INFO = INCLUDE_SOURCE;
				MTL_FAST_MATH = YES;
				ONLY_ACTIVE_ARCH = YES;
				SDKROOT = iphoneos;
				SWIFT_ACTIVE_COMPILATION_CONDITIONS = "DEBUG $(inherited)";
				SWIFT_OPTIMIZATION_LEVEL = "-Onone";
			};
			name = Debug;
		};
		893E3C962B5BF066000D8874 /* Release */ = {
			isa = XCBuildConfiguration;
			buildSettings = {
				ALWAYS_SEARCH_USER_PATHS = NO;
				ASSETCATALOG_COMPILER_GENERATE_SWIFT_ASSET_SYMBOL_EXTENSIONS = YES;
				CLANG_ANALYZER_NONNULL = YES;
				CLANG_ANALYZER_NUMBER_OBJECT_CONVERSION = YES_AGGRESSIVE;
				CLANG_CXX_LANGUAGE_STANDARD = "gnu++20";
				CLANG_ENABLE_MODULES = YES;
				CLANG_ENABLE_OBJC_ARC = YES;
				CLANG_ENABLE_OBJC_WEAK = YES;
				CLANG_WARN_BLOCK_CAPTURE_AUTORELEASING = YES;
				CLANG_WARN_BOOL_CONVERSION = YES;
				CLANG_WARN_COMMA = YES;
				CLANG_WARN_CONSTANT_CONVERSION = YES;
				CLANG_WARN_DEPRECATED_OBJC_IMPLEMENTATIONS = YES;
				CLANG_WARN_DIRECT_OBJC_ISA_USAGE = YES_ERROR;
				CLANG_WARN_DOCUMENTATION_COMMENTS = YES;
				CLANG_WARN_EMPTY_BODY = YES;
				CLANG_WARN_ENUM_CONVERSION = YES;
				CLANG_WARN_INFINITE_RECURSION = YES;
				CLANG_WARN_INT_CONVERSION = YES;
				CLANG_WARN_NON_LITERAL_NULL_CONVERSION = YES;
				CLANG_WARN_OBJC_IMPLICIT_RETAIN_SELF = YES;
				CLANG_WARN_OBJC_LITERAL_CONVERSION = YES;
				CLANG_WARN_OBJC_ROOT_CLASS = YES_ERROR;
				CLANG_WARN_QUOTED_INCLUDE_IN_FRAMEWORK_HEADER = YES;
				CLANG_WARN_RANGE_LOOP_ANALYSIS = YES;
				CLANG_WARN_STRICT_PROTOTYPES = YES;
				CLANG_WARN_SUSPICIOUS_MOVE = YES;
				CLANG_WARN_UNGUARDED_AVAILABILITY = YES_AGGRESSIVE;
				CLANG_WARN_UNREACHABLE_CODE = YES;
				CLANG_WARN__DUPLICATE_METHOD_MATCH = YES;
				COPY_PHASE_STRIP = NO;
				DEBUG_INFORMATION_FORMAT = "dwarf-with-dsym";
				ENABLE_NS_ASSERTIONS = NO;
				ENABLE_STRICT_OBJC_MSGSEND = YES;
				ENABLE_USER_SCRIPT_SANDBOXING = YES;
				GCC_C_LANGUAGE_STANDARD = gnu17;
				GCC_NO_COMMON_BLOCKS = YES;
				GCC_WARN_64_TO_32_BIT_CONVERSION = YES;
				GCC_WARN_ABOUT_RETURN_TYPE = YES_ERROR;
				GCC_WARN_UNDECLARED_SELECTOR = YES;
				GCC_WARN_UNINITIALIZED_AUTOS = YES_AGGRESSIVE;
				GCC_WARN_UNUSED_FUNCTION = YES;
				GCC_WARN_UNUSED_VARIABLE = YES;
				IPHONEOS_DEPLOYMENT_TARGET = 17.0;
				LOCALIZATION_PREFERS_STRING_CATALOGS = YES;
				MTL_ENABLE_DEBUG_INFO = NO;
				MTL_FAST_MATH = YES;
				SDKROOT = iphoneos;
				SWIFT_COMPILATION_MODE = wholemodule;
				VALIDATE_PRODUCT = YES;
			};
			name = Release;
		};
		893E3C982B5BF066000D8874 /* Debug */ = {
			isa = XCBuildConfiguration;
			buildSettings = {
				ASSETCATALOG_COMPILER_APPICON_NAME = AppIcon;
				ASSETCATALOG_COMPILER_GLOBAL_ACCENT_COLOR_NAME = AccentColor;
				CODE_SIGN_STYLE = Automatic;
				CURRENT_PROJECT_VERSION = 1;
				DEVELOPMENT_ASSET_PATHS = "\"ComposibleSwiftUI/Preview Content\"";
				ENABLE_PREVIEWS = YES;
				GENERATE_INFOPLIST_FILE = YES;
				INFOPLIST_KEY_UIApplicationSceneManifest_Generation = YES;
				INFOPLIST_KEY_UIApplicationSupportsIndirectInputEvents = YES;
				INFOPLIST_KEY_UILaunchScreen_Generation = YES;
				INFOPLIST_KEY_UISupportedInterfaceOrientations_iPad = "UIInterfaceOrientationPortrait UIInterfaceOrientationPortraitUpsideDown UIInterfaceOrientationLandscapeLeft UIInterfaceOrientationLandscapeRight";
				INFOPLIST_KEY_UISupportedInterfaceOrientations_iPhone = "UIInterfaceOrientationPortrait UIInterfaceOrientationLandscapeLeft UIInterfaceOrientationLandscapeRight";
				LD_RUNPATH_SEARCH_PATHS = (
					"$(inherited)",
					"@executable_path/Frameworks",
				);
				MARKETING_VERSION = 1.0;
				PRODUCT_BUNDLE_IDENTIFIER = com.sachin.ComposibleSwiftUI;
				PRODUCT_NAME = "$(TARGET_NAME)";
				SWIFT_EMIT_LOC_STRINGS = YES;
				SWIFT_VERSION = 5.0;
				TARGETED_DEVICE_FAMILY = "1,2";
			};
			name = Debug;
		};
		893E3C992B5BF066000D8874 /* Release */ = {
			isa = XCBuildConfiguration;
			buildSettings = {
				ASSETCATALOG_COMPILER_APPICON_NAME = AppIcon;
				ASSETCATALOG_COMPILER_GLOBAL_ACCENT_COLOR_NAME = AccentColor;
				CODE_SIGN_STYLE = Automatic;
				CURRENT_PROJECT_VERSION = 1;
				DEVELOPMENT_ASSET_PATHS = "\"ComposibleSwiftUI/Preview Content\"";
				ENABLE_PREVIEWS = YES;
				GENERATE_INFOPLIST_FILE = YES;
				INFOPLIST_KEY_UIApplicationSceneManifest_Generation = YES;
				INFOPLIST_KEY_UIApplicationSupportsIndirectInputEvents = YES;
				INFOPLIST_KEY_UILaunchScreen_Generation = YES;
				INFOPLIST_KEY_UISupportedInterfaceOrientations_iPad = "UIInterfaceOrientationPortrait UIInterfaceOrientationPortraitUpsideDown UIInterfaceOrientationLandscapeLeft UIInterfaceOrientationLandscapeRight";
				INFOPLIST_KEY_UISupportedInterfaceOrientations_iPhone = "UIInterfaceOrientationPortrait UIInterfaceOrientationLandscapeLeft UIInterfaceOrientationLandscapeRight";
				LD_RUNPATH_SEARCH_PATHS = (
					"$(inherited)",
					"@executable_path/Frameworks",
				);
				MARKETING_VERSION = 1.0;
				PRODUCT_BUNDLE_IDENTIFIER = com.sachin.ComposibleSwiftUI;
				PRODUCT_NAME = "$(TARGET_NAME)";
				SWIFT_EMIT_LOC_STRINGS = YES;
				SWIFT_VERSION = 5.0;
				TARGETED_DEVICE_FAMILY = "1,2";
			};
			name = Release;
		};
		893E3C9B2B5BF066000D8874 /* Debug */ = {
			isa = XCBuildConfiguration;
			buildSettings = {
				ALWAYS_EMBED_SWIFT_STANDARD_LIBRARIES = YES;
				BUNDLE_LOADER = "$(TEST_HOST)";
				CODE_SIGN_STYLE = Automatic;
				CURRENT_PROJECT_VERSION = 1;
				GENERATE_INFOPLIST_FILE = YES;
				IPHONEOS_DEPLOYMENT_TARGET = 17.0;
				MARKETING_VERSION = 1.0;
				PRODUCT_BUNDLE_IDENTIFIER = com.sachin.ComposibleSwiftUITests;
				PRODUCT_NAME = "$(TARGET_NAME)";
				SWIFT_EMIT_LOC_STRINGS = NO;
				SWIFT_VERSION = 5.0;
				TARGETED_DEVICE_FAMILY = "1,2";
				TEST_HOST = "$(BUILT_PRODUCTS_DIR)/ComposibleSwiftUI.app/$(BUNDLE_EXECUTABLE_FOLDER_PATH)/ComposibleSwiftUI";
			};
			name = Debug;
		};
		893E3C9C2B5BF066000D8874 /* Release */ = {
			isa = XCBuildConfiguration;
			buildSettings = {
				ALWAYS_EMBED_SWIFT_STANDARD_LIBRARIES = YES;
				BUNDLE_LOADER = "$(TEST_HOST)";
				CODE_SIGN_STYLE = Automatic;
				CURRENT_PROJECT_VERSION = 1;
				GENERATE_INFOPLIST_FILE = YES;
				IPHONEOS_DEPLOYMENT_TARGET = 17.0;
				MARKETING_VERSION = 1.0;
				PRODUCT_BUNDLE_IDENTIFIER = com.sachin.ComposibleSwiftUITests;
				PRODUCT_NAME = "$(TARGET_NAME)";
				SWIFT_EMIT_LOC_STRINGS = NO;
				SWIFT_VERSION = 5.0;
				TARGETED_DEVICE_FAMILY = "1,2";
				TEST_HOST = "$(BUILT_PRODUCTS_DIR)/ComposibleSwiftUI.app/$(BUNDLE_EXECUTABLE_FOLDER_PATH)/ComposibleSwiftUI";
			};
			name = Release;
		};
		893E3C9E2B5BF066000D8874 /* Debug */ = {
			isa = XCBuildConfiguration;
			buildSettings = {
				ALWAYS_EMBED_SWIFT_STANDARD_LIBRARIES = YES;
				CODE_SIGN_STYLE = Automatic;
				CURRENT_PROJECT_VERSION = 1;
				GENERATE_INFOPLIST_FILE = YES;
				MARKETING_VERSION = 1.0;
				PRODUCT_BUNDLE_IDENTIFIER = com.sachin.ComposibleSwiftUIUITests;
				PRODUCT_NAME = "$(TARGET_NAME)";
				SWIFT_EMIT_LOC_STRINGS = NO;
				SWIFT_VERSION = 5.0;
				TARGETED_DEVICE_FAMILY = "1,2";
				TEST_TARGET_NAME = ComposibleSwiftUI;
			};
			name = Debug;
		};
		893E3C9F2B5BF066000D8874 /* Release */ = {
			isa = XCBuildConfiguration;
			buildSettings = {
				ALWAYS_EMBED_SWIFT_STANDARD_LIBRARIES = YES;
				CODE_SIGN_STYLE = Automatic;
				CURRENT_PROJECT_VERSION = 1;
				GENERATE_INFOPLIST_FILE = YES;
				MARKETING_VERSION = 1.0;
				PRODUCT_BUNDLE_IDENTIFIER = com.sachin.ComposibleSwiftUIUITests;
				PRODUCT_NAME = "$(TARGET_NAME)";
				SWIFT_EMIT_LOC_STRINGS = NO;
				SWIFT_VERSION = 5.0;
				TARGETED_DEVICE_FAMILY = "1,2";
				TEST_TARGET_NAME = ComposibleSwiftUI;
			};
			name = Release;
		};
/* End XCBuildConfiguration section */

/* Begin XCConfigurationList section */
		893E3C6E2B5BF064000D8874 /* Build configuration list for PBXProject "ComposibleSwiftUI" */ = {
			isa = XCConfigurationList;
			buildConfigurations = (
				893E3C952B5BF066000D8874 /* Debug */,
				893E3C962B5BF066000D8874 /* Release */,
			);
			defaultConfigurationIsVisible = 0;
			defaultConfigurationName = Release;
		};
		893E3C972B5BF066000D8874 /* Build configuration list for PBXNativeTarget "ComposibleSwiftUI" */ = {
			isa = XCConfigurationList;
			buildConfigurations = (
				893E3C982B5BF066000D8874 /* Debug */,
				893E3C992B5BF066000D8874 /* Release */,
			);
			defaultConfigurationIsVisible = 0;
			defaultConfigurationName = Release;
		};
		893E3C9A2B5BF066000D8874 /* Build configuration list for PBXNativeTarget "ComposibleSwiftUITests" */ = {
			isa = XCConfigurationList;
			buildConfigurations = (
				893E3C9B2B5BF066000D8874 /* Debug */,
				893E3C9C2B5BF066000D8874 /* Release */,
			);
			defaultConfigurationIsVisible = 0;
			defaultConfigurationName = Release;
		};
		893E3C9D2B5BF066000D8874 /* Build configuration list for PBXNativeTarget "ComposibleSwiftUIUITests" */ = {
			isa = XCConfigurationList;
			buildConfigurations = (
				893E3C9E2B5BF066000D8874 /* Debug */,
				893E3C9F2B5BF066000D8874 /* Release */,
			);
			defaultConfigurationIsVisible = 0;
			defaultConfigurationName = Release;
		};
/* End XCConfigurationList section */
	};
	rootObject = 893E3C6B2B5BF064000D8874 /* Project object */;
}
